{
  "version": 4,
  "terraform_version": "1.11.1",
  "serial": 16,
  "lineage": "ffa068c0-432b-3f89-5f00-7cf29074671d",
  "outputs": {},
  "resources": [
    {
      "mode": "managed",
      "type": "helm_release",
      "name": "argocd",
      "provider": "provider[\"registry.terraform.io/hashicorp/helm\"]",
      "instances": [
        {
          "schema_version": 1,
          "attributes": {
            "atomic": false,
            "chart": "argo-cd",
            "cleanup_on_fail": false,
            "create_namespace": true,
            "dependency_update": false,
            "description": null,
            "devel": null,
            "disable_crd_hooks": false,
            "disable_openapi_validation": false,
            "disable_webhooks": false,
            "force_update": false,
            "id": "argocd",
            "keyring": null,
            "lint": false,
            "manifest": null,
            "max_history": 0,
            "metadata": [
              {
                "app_version": "1.8.4",
                "chart": "argo-cd",
                "first_deployed": 1741806114,
                "last_deployed": 1741806114,
                "name": "argocd",
                "namespace": "argocd",
                "notes": "In order to access the server UI you have the following options:\n\n1. kubectl port-forward service/argocd-server -n argocd 8080:443\n\n    and then open the browser on http://localhost:8080 and accept the certificate\n\n2. enable ingress in the values file `service.ingress.enabled` and either\n      - Add the annotation for ssl passthrough: https://github.com/argoproj/argo-cd/blob/master/docs/operator-manual/ingress.md#option-1-ssl-passthrough\n      - Add the `--insecure` flag to `server.extraArgs` in the values file and terminate SSL at your ingress: https://github.com/argoproj/argo-cd/blob/master/docs/operator-manual/ingress.md#option-2-multiple-ingress-objects-and-hosts\n\n\nAfter reaching the UI the first time you can login with username: admin and the password will be the\nname of the server pod. You can get the pod name by running:\n\nkubectl get pods -n argocd -l app.kubernetes.io/name=argocd-server -o name | cut -d'/' -f 2\n",
                "revision": 1,
                "values": "{\"configs\":{\"params\":{\"server.insecure\":true}},\"dex\":{\"enabled\":false},\"global\":{\"image\":{\"imagePullPolicy\":\"IfNotPresent\",\"repository\":\"quay.io/argoproj/argocd\",\"tag\":\"v2.14.5\"},\"rbac\":{\"aggregatedRoles\":true}},\"server\":{\"ingress\":{\"enabled\":false}}}",
                "version": "2.14.5"
              }
            ],
            "name": "argocd",
            "namespace": "argocd",
            "pass_credentials": false,
            "postrender": [],
            "recreate_pods": false,
            "render_subchart_notes": true,
            "replace": false,
            "repository": "https://argoproj.github.io/argo-helm",
            "repository_ca_file": null,
            "repository_cert_file": null,
            "repository_key_file": null,
            "repository_password": null,
            "repository_username": null,
            "reset_values": false,
            "reuse_values": false,
            "set": [],
            "set_list": [],
            "set_sensitive": [],
            "skip_crds": false,
            "status": "deployed",
            "timeout": 300,
            "upgrade_install": null,
            "values": [
              "global:\n  image:\n    repository: quay.io/argoproj/argocd\n    tag: v2.14.5\n    imagePullPolicy: IfNotPresent\n  rbac:\n    aggregatedRoles: true\n\nconfigs:\n  params:\n    server.insecure: true\n\nserver:\n  ingress:\n    enabled: false\n\ndex:\n  enabled: false\n"
            ],
            "verify": false,
            "version": "2.14.5",
            "wait": true,
            "wait_for_jobs": false
          },
          "sensitive_attributes": [
            [
              {
                "type": "get_attr",
                "value": "repository_password"
              }
            ]
          ],
          "private": "eyJzY2hlbWFfdmVyc2lvbiI6IjEifQ=="
        }
      ]
    }
  ],
  "check_results": null
}
